
Microsoft Visual Studio Solution File, Format Version 12.00
# Visual Studio Version 17
VisualStudioVersion = 17.4.33205.214
MinimumVisualStudioVersion = 10.0.40219.1
Project("{FAE04EC0-301F-11D3-BF4B-00C04F79EFBC}") = "MemoCodeFirstDemo", "MemoCodeFirstDemo\MemoCodeFirstDemo.csproj", "{8F7EC1D1-A918-45B5-B07E-8CAB7D3819F4}"
EndProject
Global
	GlobalSection(SolutionConfigurationPlatforms) = preSolution
		Debug|Any CPU = Debug|Any CPU
		Release|Any CPU = Release|Any CPU
	EndGlobalSection
	GlobalSection(ProjectConfigurationPlatforms) = postSolution
		{8F7EC1D1-A918-45B5-B07E-8CAB7D3819F4}.Debug|Any CPU.ActiveCfg = Debug|Any CPU
		{8F7EC1D1-A918-45B5-B07E-8CAB7D3819F4}.Debug|Any CPU.Build.0 = Debug|Any CPU
		{8F7EC1D1-A918-45B5-B07E-8CAB7D3819F4}.Release|Any CPU.ActiveCfg = Release|Any CPU
		{8F7EC1D1-A918-45B5-B07E-8CAB7D3819F4}.Release|Any CPU.Build.0 = Release|Any CPU
	EndGlobalSection
	GlobalSection(SolutionProperties) = preSolution
		HideSolutionNode = FALSE
	EndGlobalSection
	GlobalSection(ExtensibilityGlobals) = postSolution
		SolutionGuid = {73BE0EEE-DE66-4256-8331-127BF5B96220}
	EndGlobalSection
EndGlobal
